// !$*UTF8*$!
{
	archiveVersion = 1;
	classes = {
	};
	objectVersion = 50;
	objects = {

/* Begin PBXBuildFile section */
		BE29CC0825BB5B2500AB1A42 /* AppDelegate.swift in Sources */ = {isa = PBXBuildFile; fileRef = BE29CC0725BB5B2500AB1A42 /* AppDelegate.swift */; };
		BE29CC0A25BB5B2500AB1A42 /* SceneDelegate.swift in Sources */ = {isa = PBXBuildFile; fileRef = BE29CC0925BB5B2500AB1A42 /* SceneDelegate.swift */; };
		BE29CC0C25BB5B2500AB1A42 /* ViewController.swift in Sources */ = {isa = PBXBuildFile; fileRef = BE29CC0B25BB5B2500AB1A42 /* ViewController.swift */; };
		BE29CC0F25BB5B2500AB1A42 /* Main.storyboard in Resources */ = {isa = PBXBuildFile; fileRef = BE29CC0D25BB5B2500AB1A42 /* Main.storyboard */; };
		BE29CC1125BB5B2700AB1A42 /* Assets.xcassets in Resources */ = {isa = PBXBuildFile; fileRef = BE29CC1025BB5B2700AB1A42 /* Assets.xcassets */; };
		BE29CC1425BB5B2700AB1A42 /* LaunchScreen.storyboard in Resources */ = {isa = PBXBuildFile; fileRef = BE29CC1225BB5B2700AB1A42 /* LaunchScreen.storyboard */; };
		BE29CC1D25BB5F6200AB1A42 /* HomePageViewController.swift in Sources */ = {isa = PBXBuildFile; fileRef = BE29CC1C25BB5F6200AB1A42 /* HomePageViewController.swift */; };
		BE29CC2025BB642B00AB1A42 /* AdvisingViewController.swift in Sources */ = {isa = PBXBuildFile; fileRef = BE29CC1F25BB642B00AB1A42 /* AdvisingViewController.swift */; };
		BE29CC2325BB796300AB1A42 /* PlanningViewController.swift in Sources */ = {isa = PBXBuildFile; fileRef = BE29CC2225BB796300AB1A42 /* PlanningViewController.swift */; };
		BE29CC2625BB7CAF00AB1A42 /* CatalogViewController.swift in Sources */ = {isa = PBXBuildFile; fileRef = BE29CC2525BB7CAF00AB1A42 /* CatalogViewController.swift */; };
		BE29CC2925BB7CC800AB1A42 /* AddtoCalendarViewController.swift in Sources */ = {isa = PBXBuildFile; fileRef = BE29CC2825BB7CC800AB1A42 /* AddtoCalendarViewController.swift */; };
		BE29CC2C25BB7CE000AB1A42 /* AssignmentManagerViewController.swift in Sources */ = {isa = PBXBuildFile; fileRef = BE29CC2B25BB7CE000AB1A42 /* AssignmentManagerViewController.swift */; };
		BE29CC3725BB97A600AB1A42 /* checkViewController.swift in Sources */ = {isa = PBXBuildFile; fileRef = BE29CC3625BB97A600AB1A42 /* checkViewController.swift */; };
		BEB6978E25BBB5E100B1EC9F /* AssignmentViewController.swift in Sources */ = {isa = PBXBuildFile; fileRef = BEB6978D25BBB5E100B1EC9F /* AssignmentViewController.swift */; };
/* End PBXBuildFile section */

/* Begin PBXFileReference section */
		BE29CC0425BB5B2500AB1A42 /* AUCschedddddd.app */ = {isa = PBXFileReference; explicitFileType = wrapper.application; includeInIndex = 0; path = AUCschedddddd.app; sourceTree = BUILT_PRODUCTS_DIR; };
		BE29CC0725BB5B2500AB1A42 /* AppDelegate.swift */ = {isa = PBXFileReference; lastKnownFileType = sourcecode.swift; path = AppDelegate.swift; sourceTree = "<group>"; };
		BE29CC0925BB5B2500AB1A42 /* SceneDelegate.swift */ = {isa = PBXFileReference; lastKnownFileType = sourcecode.swift; path = SceneDelegate.swift; sourceTree = "<group>"; };
		BE29CC0B25BB5B2500AB1A42 /* ViewController.swift */ = {isa = PBXFileReference; lastKnownFileType = sourcecode.swift; path = ViewController.swift; sourceTree = "<group>"; };
		BE29CC0E25BB5B2500AB1A42 /* Base */ = {isa = PBXFileReference; lastKnownFileType = file.storyboard; name = Base; path = Base.lproj/Main.storyboard; sourceTree = "<group>"; };
		BE29CC1025BB5B2700AB1A42 /* Assets.xcassets */ = {isa = PBXFileReference; lastKnownFileType = folder.assetcatalog; path = Assets.xcassets; sourceTree = "<group>"; };
		BE29CC1325BB5B2700AB1A42 /* Base */ = {isa = PBXFileReference; lastKnownFileType = file.storyboard; name = Base; path = Base.lproj/LaunchScreen.storyboard; sourceTree = "<group>"; };
		BE29CC1525BB5B2700AB1A42 /* Info.plist */ = {isa = PBXFileReference; lastKnownFileType = text.plist.xml; path = Info.plist; sourceTree = "<group>"; };
		BE29CC1C25BB5F6200AB1A42 /* HomePageViewController.swift */ = {isa = PBXFileReference; lastKnownFileType = sourcecode.swift; path = HomePageViewController.swift; sourceTree = "<group>"; };
		BE29CC1F25BB642B00AB1A42 /* AdvisingViewController.swift */ = {isa = PBXFileReference; lastKnownFileType = sourcecode.swift; path = AdvisingViewController.swift; sourceTree = "<group>"; };
		BE29CC2225BB796300AB1A42 /* PlanningViewController.swift */ = {isa = PBXFileReference; lastKnownFileType = sourcecode.swift; path = PlanningViewController.swift; sourceTree = "<group>"; };
		BE29CC2525BB7CAF00AB1A42 /* CatalogViewController.swift */ = {isa = PBXFileReference; lastKnownFileType = sourcecode.swift; path = CatalogViewController.swift; sourceTree = "<group>"; };
		BE29CC2825BB7CC800AB1A42 /* AddtoCalendarViewController.swift */ = {isa = PBXFileReference; lastKnownFileType = sourcecode.swift; path = AddtoCalendarViewController.swift; sourceTree = "<group>"; };
		BE29CC2B25BB7CE000AB1A42 /* AssignmentManagerViewController.swift */ = {isa = PBXFileReference; lastKnownFileType = sourcecode.swift; path = AssignmentManagerViewController.swift; sourceTree = "<group>"; };
		BE29CC3625BB97A600AB1A42 /* checkViewController.swift */ = {isa = PBXFileReference; lastKnownFileType = sourcecode.swift; path = checkViewController.swift; sourceTree = "<group>"; };
		BEB6978D25BBB5E100B1EC9F /* AssignmentViewController.swift */ = {isa = PBXFileReference; lastKnownFileType = sourcecode.swift; path = AssignmentViewController.swift; sourceTree = "<group>"; };
/* End PBXFileReference section */

/* Begin PBXFrameworksBuildPhase section */
		BE29CC0125BB5B2500AB1A42 /* Frameworks */ = {
			isa = PBXFrameworksBuildPhase;
			buildActionMask = 2147483647;
			files = (
			);
			runOnlyForDeploymentPostprocessing = 0;
		};
/* End PBXFrameworksBuildPhase section */

/* Begin PBXGroup section */
		BE29CBFB25BB5B2500AB1A42 = {
			isa = PBXGroup;
			children = (
				BE29CC0625BB5B2500AB1A42 /* AUCschedddddd */,
				BE29CC0525BB5B2500AB1A42 /* Products */,
			);
			sourceTree = "<group>";
		};
		BE29CC0525BB5B2500AB1A42 /* Products */ = {
			isa = PBXGroup;
			children = (
				BE29CC0425BB5B2500AB1A42 /* AUCschedddddd.app */,
			);
			name = Products;
			sourceTree = "<group>";
		};
		BE29CC0625BB5B2500AB1A42 /* AUCschedddddd */ = {
			isa = PBXGroup;
			children = (
				BE29CC0725BB5B2500AB1A42 /* AppDelegate.swift */,
				BE29CC3625BB97A600AB1A42 /* checkViewController.swift */,
				BE29CC0925BB5B2500AB1A42 /* SceneDelegate.swift */,
				BEB6978D25BBB5E100B1EC9F /* AssignmentViewController.swift */,
				BE29CC0B25BB5B2500AB1A42 /* ViewController.swift */,
				BE29CC1C25BB5F6200AB1A42 /* HomePageViewController.swift */,
				BE29CC0D25BB5B2500AB1A42 /* Main.storyboard */,
				BE29CC1025BB5B2700AB1A42 /* Assets.xcassets */,
				BE29CC1225BB5B2700AB1A42 /* LaunchScreen.storyboard */,
				BE29CC1525BB5B2700AB1A42 /* Info.plist */,
				BE29CC1F25BB642B00AB1A42 /* AdvisingViewController.swift */,
				BE29CC2225BB796300AB1A42 /* PlanningViewController.swift */,
				BE29CC2525BB7CAF00AB1A42 /* CatalogViewController.swift */,
				BE29CC2825BB7CC800AB1A42 /* AddtoCalendarViewController.swift */,
				BE29CC2B25BB7CE000AB1A42 /* AssignmentManagerViewController.swift */,
			);
			path = AUCschedddddd;
			sourceTree = "<group>";
		};
/* End PBXGroup section */

/* Begin PBXNativeTarget section */
		BE29CC0325BB5B2500AB1A42 /* AUCschedddddd */ = {
			isa = PBXNativeTarget;
			buildConfigurationList = BE29CC1825BB5B2700AB1A42 /* Build configuration list for PBXNativeTarget "AUCschedddddd" */;
			buildPhases = (
				BE29CC0025BB5B2500AB1A42 /* Sources */,
				BE29CC0125BB5B2500AB1A42 /* Frameworks */,
				BE29CC0225BB5B2500AB1A42 /* Resources */,
			);
			buildRules = (
			);
			dependencies = (
			);
			name = AUCschedddddd;
			productName = AUCschedddddd;
			productReference = BE29CC0425BB5B2500AB1A42 /* AUCschedddddd.app */;
			productType = "com.apple.product-type.application";
		};
/* End PBXNativeTarget section */

/* Begin PBXProject section */
		BE29CBFC25BB5B2500AB1A42 /* Project object */ = {
			isa = PBXProject;
			attributes = {
				LastSwiftUpdateCheck = 1200;
				LastUpgradeCheck = 1200;
				TargetAttributes = {
					BE29CC0325BB5B2500AB1A42 = {
						CreatedOnToolsVersion = 12.0.1;
					};
				};
			};
			buildConfigurationList = BE29CBFF25BB5B2500AB1A42 /* Build configuration list for PBXProject "AUCschedddddd" */;
			compatibilityVersion = "Xcode 9.3";
			developmentRegion = en;
			hasScannedForEncodings = 0;
			knownRegions = (
				en,
				Base,
			);
			mainGroup = BE29CBFB25BB5B2500AB1A42;
			productRefGroup = BE29CC0525BB5B2500AB1A42 /* Products */;
			projectDirPath = "";
			projectRoot = "";
			targets = (
				BE29CC0325BB5B2500AB1A42 /* AUCschedddddd */,
			);
		};
/* End PBXProject section */

/* Begin PBXResourcesBuildPhase section */
		BE29CC0225BB5B2500AB1A42 /* Resources */ = {
			isa = PBXResourcesBuildPhase;
			buildActionMask = 2147483647;
			files = (
				BE29CC1425BB5B2700AB1A42 /* LaunchScreen.storyboard in Resources */,
				BE29CC1125BB5B2700AB1A42 /* Assets.xcassets in Resources */,
				BE29CC0F25BB5B2500AB1A42 /* Main.storyboard in Resources */,
			);
			runOnlyForDeploymentPostprocessing = 0;
		};
/* End PBXResourcesBuildPhase section */

/* Begin PBXSourcesBuildPhase section */
		BE29CC0025BB5B2500AB1A42 /* Sources */ = {
			isa = PBXSourcesBuildPhase;
			buildActionMask = 2147483647;
			files = (
				BE29CC2625BB7CAF00AB1A42 /* CatalogViewController.swift in Sources */,
				BEB6978E25BBB5E100B1EC9F /* AssignmentViewController.swift in Sources */,
				BE29CC1D25BB5F6200AB1A42 /* HomePageViewController.swift in Sources */,
				BE29CC2025BB642B00AB1A42 /* AdvisingViewController.swift in Sources */,
				BE29CC2C25BB7CE000AB1A42 /* AssignmentManagerViewController.swift in Sources */,
				BE29CC2925BB7CC800AB1A42 /* AddtoCalendarViewController.swift in Sources */,
				BE29CC0C25BB5B2500AB1A42 /* ViewController.swift in Sources */,
				BE29CC2325BB796300AB1A42 /* PlanningViewController.swift in Sources */,
				BE29CC0825BB5B2500AB1A42 /* AppDelegate.swift in Sources */,
				BE29CC0A25BB5B2500AB1A42 /* SceneDelegate.swift in Sources */,
				BE29CC3725BB97A600AB1A42 /* checkViewController.swift in Sources */,
			);
			runOnlyForDeploymentPostprocessing = 0;
		};
/* End PBXSourcesBuildPhase section */

/* Begin PBXVariantGroup section */
		BE29CC0D25BB5B2500AB1A42 /* Main.storyboard */ = {
			isa = PBXVariantGroup;
			children = (
				BE29CC0E25BB5B2500AB1A42 /* Base */,
			);
			name = Main.storyboard;
			sourceTree = "<group>";
		};
		BE29CC1225BB5B2700AB1A42 /* LaunchScreen.storyboard */ = {
			isa = PBXVariantGroup;
			children = (
				BE29CC1325BB5B2700AB1A42 /* Base */,
			);
			name = LaunchScreen.storyboard;
			sourceTree = "<group>";
		};
/* End PBXVariantGroup section */

/* Begin XCBuildConfiguration section */
		BE29CC1625BB5B2700AB1A42 /* Debug */ = {
			isa = XCBuildConfiguration;
			buildSettings = {
				ALWAYS_SEARCH_USER_PATHS = NO;
				CLANG_ANALYZER_NONNULL = YES;
				CLANG_ANALYZER_NUMBER_OBJECT_CONVERSION = YES_AGGRESSIVE;
				CLANG_CXX_LANGUAGE_STANDARD = "gnu++14";
				CLANG_CXX_LIBRARY = "libc++";
				CLANG_ENABLE_MODULES = YES;
				CLANG_ENABLE_OBJC_ARC = YES;
				CLANG_ENABLE_OBJC_WEAK = YES;
				CLANG_WARN_BLOCK_CAPTURE_AUTORELEASING = YES;
				CLANG_WARN_BOOL_CONVERSION = YES;
				CLANG_WARN_COMMA = YES;
				CLANG_WARN_CONSTANT_CONVERSION = YES;
				CLANG_WARN_DEPRECATED_OBJC_IMPLEMENTATIONS = YES;
				CLANG_WARN_DIRECT_OBJC_ISA_USAGE = YES_ERROR;
				CLANG_WARN_DOCUMENTATION_COMMENTS = YES;
				CLANG_WARN_EMPTY_BODY = YES;
				CLANG_WARN_ENUM_CONVERSION = YES;
				CLANG_WARN_INFINITE_RECURSION = YES;
				CLANG_WARN_INT_CONVERSION = YES;
				CLANG_WARN_NON_LITERAL_NULL_CONVERSION = YES;
				CLANG_WARN_OBJC_IMPLICIT_RETAIN_SELF = YES;
				CLANG_WARN_OBJC_LITERAL_CONVERSION = YES;
				CLANG_WARN_OBJC_ROOT_CLASS = YES_ERROR;
				CLANG_WARN_QUOTED_INCLUDE_IN_FRAMEWORK_HEADER = YES;
				CLANG_WARN_RANGE_LOOP_ANALYSIS = YES;
				CLANG_WARN_STRICT_PROTOTYPES = YES;
				CLANG_WARN_SUSPICIOUS_MOVE = YES;
				CLANG_WARN_UNGUARDED_AVAILABILITY = YES_AGGRESSIVE;
				CLANG_WARN_UNREACHABLE_CODE = YES;
				CLANG_WARN__DUPLICATE_METHOD_MATCH = YES;
				COPY_PHASE_STRIP = NO;
				DEBUG_INFORMATION_FORMAT = dwarf;
				ENABLE_STRICT_OBJC_MSGSEND = YES;
				ENABLE_TESTABILITY = YES;
				GCC_C_LANGUAGE_STANDARD = gnu11;
				GCC_DYNAMIC_NO_PIC = NO;
				GCC_NO_COMMON_BLOCKS = YES;
				GCC_OPTIMIZATION_LEVEL = 0;
				GCC_PREPROCESSOR_DEFINITIONS = (
					"DEBUG=1",
					"$(inherited)",
				);
				GCC_WARN_64_TO_32_BIT_CONVERSION = YES;
				GCC_WARN_ABOUT_RETURN_TYPE = YES_ERROR;
				GCC_WARN_UNDECLARED_SELECTOR = YES;
				GCC_WARN_UNINITIALIZED_AUTOS = YES_AGGRESSIVE;
				GCC_WARN_UNUSED_FUNCTION = YES;
				GCC_WARN_UNUSED_VARIABLE = YES;
				IPHONEOS_DEPLOYMENT_TARGET = 14.0;
				MTL_ENABLE_DEBUG_INFO = INCLUDE_SOURCE;
				MTL_FAST_MATH = YES;
				ONLY_ACTIVE_ARCH = YES;
				SDKROOT = iphoneos;
				SWIFT_ACTIVE_COMPILATION_CONDITIONS = DEBUG;
				SWIFT_OPTIMIZATION_LEVEL = "-Onone";
			};
			name = Debug;
		};
		BE29CC1725BB5B2700AB1A42 /* Release */ = {
			isa = XCBuildConfiguration;
			buildSettings = {
				ALWAYS_SEARCH_USER_PATHS = NO;
				CLANG_ANALYZER_NONNULL = YES;
				CLANG_ANALYZER_NUMBER_OBJECT_CONVERSION = YES_AGGRESSIVE;
				CLANG_CXX_LANGUAGE_STANDARD = "gnu++14";
				CLANG_CXX_LIBRARY = "libc++";
				CLANG_ENABLE_MODULES = YES;
				CLANG_ENABLE_OBJC_ARC = YES;
				CLANG_ENABLE_OBJC_WEAK = YES;
				CLANG_WARN_BLOCK_CAPTURE_AUTORELEASING = YES;
				CLANG_WARN_BOOL_CONVERSION = YES;
				CLANG_WARN_COMMA = YES;
				CLANG_WARN_CONSTANT_CONVERSION = YES;
				CLANG_WARN_DEPRECATED_OBJC_IMPLEMENTATIONS = YES;
				CLANG_WARN_DIRECT_OBJC_ISA_USAGE = YES_ERROR;
				CLANG_WARN_DOCUMENTATION_COMMENTS = YES;
				CLANG_WARN_EMPTY_BODY = YES;
				CLANG_WARN_ENUM_CONVERSION = YES;
				CLANG_WARN_INFINITE_RECURSION = YES;
				CLANG_WARN_INT_CONVERSION = YES;
				CLANG_WARN_NON_LITERAL_NULL_CONVERSION = YES;
				CLANG_WARN_OBJC_IMPLICIT_RETAIN_SELF = YES;
				CLANG_WARN_OBJC_LITERAL_CONVERSION = YES;
				CLANG_WARN_OBJC_ROOT_CLASS = YES_ERROR;
				CLANG_WARN_QUOTED_INCLUDE_IN_FRAMEWORK_HEADER = YES;
				CLANG_WARN_RANGE_LOOP_ANALYSIS = YES;
				CLANG_WARN_STRICT_PROTOTYPES = YES;
				CLANG_WARN_SUSPICIOUS_MOVE = YES;
				CLANG_WARN_UNGUARDED_AVAILABILITY = YES_AGGRESSIVE;
				CLANG_WARN_UNREACHABLE_CODE = YES;
				CLANG_WARN__DUPLICATE_METHOD_MATCH = YES;
				COPY_PHASE_STRIP = NO;
				DEBUG_INFORMATION_FORMAT = "dwarf-with-dsym";
				ENABLE_NS_ASSERTIONS = NO;
				ENABLE_STRICT_OBJC_MSGSEND = YES;
				GCC_C_LANGUAGE_STANDARD = gnu11;
				GCC_NO_COMMON_BLOCKS = YES;
				GCC_WARN_64_TO_32_BIT_CONVERSION = YES;
				GCC_WARN_ABOUT_RETURN_TYPE = YES_ERROR;
				GCC_WARN_UNDECLARED_SELECTOR = YES;
				GCC_WARN_UNINITIALIZED_AUTOS = YES_AGGRESSIVE;
				GCC_WARN_UNUSED_FUNCTION = YES;
				GCC_WARN_UNUSED_VARIABLE = YES;
				IPHONEOS_DEPLOYMENT_TARGET = 14.0;
				MTL_ENABLE_DEBUG_INFO = NO;
				MTL_FAST_MATH = YES;
				SDKROOT = iphoneos;
				SWIFT_COMPILATION_MODE = wholemodule;
				SWIFT_OPTIMIZATION_LEVEL = "-O";
				VALIDATE_PRODUCT = YES;
			};
			name = Release;
		};
		BE29CC1925BB5B2700AB1A42 /* Debug */ = {
			isa = XCBuildConfiguration;
			buildSettings = {
				ASSETCATALOG_COMPILER_APPICON_NAME = AppIcon;
				ASSETCATALOG_COMPILER_GLOBAL_ACCENT_COLOR_NAME = AccentColor;
				CODE_SIGN_STYLE = Automatic;
				INFOPLIST_FILE = AUCschedddddd/Info.plist;
				LD_RUNPATH_SEARCH_PATHS = (
					"$(inherited)",
					"@executable_path/Frameworks",
				);
				PRODUCT_BUNDLE_IDENTIFIER = proj.AUCschedddddd;
				PRODUCT_NAME = "$(TARGET_NAME)";
				SWIFT_VERSION = 5.0;
				TARGETED_DEVICE_FAMILY = "1,2";
			};
			name = Debug;
		};
		BE29CC1A25BB5B2700AB1A42 /* Release */ = {
			isa = XCBuildConfiguration;
			buildSettings = {
				ASSETCATALOG_COMPILER_APPICON_NAME = AppIcon;
				ASSETCATALOG_COMPILER_GLOBAL_ACCENT_COLOR_NAME = AccentColor;
				CODE_SIGN_STYLE = Automatic;
				INFOPLIST_FILE = AUCschedddddd/Info.plist;
				LD_RUNPATH_SEARCH_PATHS = (
					"$(inherited)",
					"@executable_path/Frameworks",
				);
				PRODUCT_BUNDLE_IDENTIFIER = proj.AUCschedddddd;
				PRODUCT_NAME = "$(TARGET_NAME)";
				SWIFT_VERSION = 5.0;
				TARGETED_DEVICE_FAMILY = "1,2";
			};
			name = Release;
		};
/* End XCBuildConfiguration section */

/* Begin XCConfigurationList section */
		BE29CBFF25BB5B2500AB1A42 /* Build configuration list for PBXProject "AUCschedddddd" */ = {
			isa = XCConfigurationList;
			buildConfigurations = (
				BE29CC1625BB5B2700AB1A42 /* Debug */,
				BE29CC1725BB5B2700AB1A42 /* Release */,
			);
			defaultConfigurationIsVisible = 0;
			defaultConfigurationName = Release;
		};
		BE29CC1825BB5B2700AB1A42 /* Build configuration list for PBXNativeTarget "AUCschedddddd" */ = {
			isa = XCConfigurationList;
			buildConfigurations = (
				BE29CC1925BB5B2700AB1A42 /* Debug */,
				BE29CC1A25BB5B2700AB1A42 /* Release */,
			);
			defaultConfigurationIsVisible = 0;
			defaultConfigurationName = Release;
		};
/* End XCConfigurationList section */
	};
	rootObject = BE29CBFC25BB5B2500AB1A42 /* Project object */;
}
